# THIS IS AN AUTOGENERATED FILE. DO NOT EDIT THIS FILE DIRECTLY.
# yarn lockfile v1


"@babel/parser@^7.24.7":
  version "7.25.0"

"@esbuild/darwin-arm64@0.21.5":
  version "0.21.5"
  resolved "https://registry.npmjs.org/@esbuild/darwin-arm64/-/darwin-arm64-0.21.5.tgz"
  integrity sha512-DwqXqZyuk5AiWWf3UfLiRDJ5EDd49zg6O9wclZ7kUMv2WRFr4HKjXp/5t8JZ11QbQfUS6/cRCKGwYhtNAY88kQ==

"@intlify/core-base@9.13.1":
  version "9.13.1"
  resolved "https://registry.npmmirror.com/@intlify/core-base/-/core-base-9.13.1.tgz"
  integrity sha512-+bcQRkJO9pcX8d0gel9ZNfrzU22sZFSA0WVhfXrf5jdJOS24a+Bp8pozuS9sBI9Hk/tGz83pgKfmqcn/Ci7/8w==
  dependencies:
    "@intlify/message-compiler" "9.13.1"
    "@intlify/shared" "9.13.1"

"@intlify/message-compiler@9.13.1":
  version "9.13.1"
  resolved "https://registry.npmmirror.com/@intlify/message-compiler/-/message-compiler-9.13.1.tgz"
  integrity sha512-SKsVa4ajYGBVm7sHMXd5qX70O2XXjm55zdZB3VeMFCvQyvLew/dLvq3MqnaIsTMF1VkkOb9Ttr6tHcMlyPDL9w==
  dependencies:
    "@intlify/shared" "9.13.1"
    source-map-js "^1.0.2"

"@intlify/shared@9.13.1":
  version "9.13.1"
  resolved "https://registry.npmmirror.com/@intlify/shared/-/shared-9.13.1.tgz"
  integrity sha512-u3b6BKGhE6j/JeRU6C/RL2FgyJfy6LakbtfeVF8fJXURpZZTzfh3e05J0bu0XPw447Q6/WUp3C4ajv4TMS4YsQ==

"@jridgewell/sourcemap-codec@^1.4.15":
  version "1.5.0"

"@mdi/font@^7.4.47":
  version "7.4.47"
  resolved "https://registry.npmmirror.com/@mdi/font/-/font-7.4.47.tgz"
  integrity sha512-43MtGpd585SNzHZPcYowu/84Vz2a2g31TvPMTm9uTiCSWzaheQySUcSyUH/46fPnuPQWof2yd0pGBtzee/IQWw==

"@rollup/rollup-darwin-arm64@4.19.1":
  version "4.19.1"

"@tauri-apps/api@^1.6.0":
  version "1.6.0"
  resolved "https://registry.npmmirror.com/@tauri-apps/api/-/api-1.6.0.tgz"
  integrity sha512-rqI++FWClU5I2UBp4HXFvl+sBWkdigBkxnpJDQUWttNyG7IZP4FwQGhTNL5EOw0vI8i6eSAJ5frLqO7n7jbJdg==

"@tauri-apps/cli-darwin-arm64@1.6.0":
  version "1.6.0"
  resolved "https://registry.npmmirror.com/@tauri-apps/cli-darwin-arm64/-/cli-darwin-arm64-1.6.0.tgz"
  integrity sha512-SNRwUD9nqGxY47mbY1CGTt/jqyQOU7Ps7Mx/mpgahL0FVUDiCEY/5L9QfEPPhEgccgcelEVn7i6aQHIkHyUtCA==

"@tauri-apps/cli@^1.6.0":
  version "1.6.0"
  resolved "https://registry.npmmirror.com/@tauri-apps/cli/-/cli-1.6.0.tgz"
  integrity sha512-DBBpBl6GhTzm8ImMbKkfaZ4fDTykWrC7Q5OXP4XqD91recmDEn2LExuvuiiS3HYe7uP8Eb5B9NPHhqJb+Zo7qQ==
  optionalDependencies:
    "@tauri-apps/cli-darwin-arm64" "1.6.0"
    "@tauri-apps/cli-darwin-x64" "1.6.0"
    "@tauri-apps/cli-linux-arm-gnueabihf" "1.6.0"
    "@tauri-apps/cli-linux-arm64-gnu" "1.6.0"
    "@tauri-apps/cli-linux-arm64-musl" "1.6.0"
    "@tauri-apps/cli-linux-x64-gnu" "1.6.0"
    "@tauri-apps/cli-linux-x64-musl" "1.6.0"
    "@tauri-apps/cli-win32-arm64-msvc" "1.6.0"
    "@tauri-apps/cli-win32-ia32-msvc" "1.6.0"
    "@tauri-apps/cli-win32-x64-msvc" "1.6.0"

"@types/estree@1.0.5":
  version "1.0.5"
  resolved "https://registry.npmmirror.com/@types/estree/-/estree-1.0.5.tgz"
  integrity sha512-/kYRxGDLWzHOB7q+wtSUQlFrtcdUccpfy+X+9iMBpHK8QLLhx2wIPYuS5DYtR9Wa/YlZAbIovy7qVdB1Aq6Lyw==

"@types/luxon@^3.4.2":
  version "3.4.2"
  resolved "https://registry.npmjs.org/@types/luxon/-/luxon-3.4.2.tgz"
  integrity sha512-TifLZlFudklWlMBfhubvgqTXRzLDI5pCbGa4P8a3wPyUQSW+1xQ5eDsreP9DWHX3tjq1ke96uYG/nwundroWcA==

"@vitejs/plugin-vue@^5.0.4":
  version "5.1.1"

"@volar/language-core@~2.4.0-alpha.18", "@volar/language-core@2.4.0-alpha.18":
  version "2.4.0-alpha.18"
  dependencies:
    "@volar/source-map" "2.4.0-alpha.18"

"@volar/source-map@2.4.0-alpha.18":
  version "2.4.0-alpha.18"

"@volar/typescript@~2.4.0-alpha.18":
  version "2.4.0-alpha.18"
  dependencies:
    "@volar/language-core" "2.4.0-alpha.18"
    path-browserify "^1.0.1"
    vscode-uri "^3.0.8"

"@vue/compiler-core@3.4.34":
  version "3.4.34"
  dependencies:
    "@babel/parser" "^7.24.7"
    "@vue/shared" "3.4.34"
    entities "^4.5.0"
    estree-walker "^2.0.2"
    source-map-js "^1.2.0"

"@vue/compiler-dom@^3.4.0", "@vue/compiler-dom@3.4.34":
  version "3.4.34"
  dependencies:
    "@vue/compiler-core" "3.4.34"
    "@vue/shared" "3.4.34"

"@vue/compiler-sfc@3.4.34":
  version "3.4.34"
  dependencies:
    "@babel/parser" "^7.24.7"
    "@vue/compiler-core" "3.4.34"
    "@vue/compiler-dom" "3.4.34"
    "@vue/compiler-ssr" "3.4.34"
    "@vue/shared" "3.4.34"
    estree-walker "^2.0.2"
    magic-string "^0.30.10"
    postcss "^8.4.39"
    source-map-js "^1.2.0"

"@vue/compiler-ssr@3.4.34":
  version "3.4.34"
  dependencies:
    "@vue/compiler-dom" "3.4.34"
    "@vue/shared" "3.4.34"

"@vue/compiler-vue2@^2.7.16":
  version "2.7.16"
  dependencies:
    de-indent "^1.0.2"
    he "^1.2.0"

"@vue/devtools-api@^6.5.0", "@vue/devtools-api@^6.5.1":
  version "6.6.3"
  resolved "https://registry.npmmirror.com/@vue/devtools-api/-/devtools-api-6.6.3.tgz"
  integrity sha512-0MiMsFma/HqA6g3KLKn+AGpL1kgKhFWszC9U29NfpWK5LE7bjeXxySWJrOJ77hBz+TBrBQ7o4QJqbPbqbs8rJw==

"@vue/language-core@2.0.29":
  version "2.0.29"
  dependencies:
    "@volar/language-core" "~2.4.0-alpha.18"
    "@vue/compiler-dom" "^3.4.0"
    "@vue/compiler-vue2" "^2.7.16"
    "@vue/shared" "^3.4.0"
    computeds "^0.0.1"
    minimatch "^9.0.3"
    muggle-string "^0.4.1"
    path-browserify "^1.0.1"

"@vue/reactivity@3.4.34":
  version "3.4.34"
  dependencies:
    "@vue/shared" "3.4.34"

"@vue/runtime-core@3.4.34":
  version "3.4.34"
  dependencies:
    "@vue/reactivity" "3.4.34"
    "@vue/shared" "3.4.34"

"@vue/runtime-dom@3.4.34":
  version "3.4.34"
  dependencies:
    "@vue/reactivity" "3.4.34"
    "@vue/runtime-core" "3.4.34"
    "@vue/shared" "3.4.34"
    csstype "^3.1.3"

"@vue/server-renderer@3.4.34":
  version "3.4.34"
  dependencies:
    "@vue/compiler-ssr" "3.4.34"
    "@vue/shared" "3.4.34"

"@vue/shared@^3.4.0", "@vue/shared@3.4.34":
  version "3.4.34"

"@vuetify/loader-shared@^2.0.3":
  version "2.0.3"
  resolved "https://registry.npmmirror.com/@vuetify/loader-shared/-/loader-shared-2.0.3.tgz"
  integrity sha512-Ss3GC7eJYkp2SF6xVzsT7FAruEmdihmn4OCk2+UocREerlXKWgOKKzTN5PN3ZVN5q05jHHrsNhTuWbhN61Bpdg==
  dependencies:
    upath "^2.0.1"

anymatch@~3.1.2:
  version "3.1.3"
  resolved "https://registry.npmmirror.com/anymatch/-/anymatch-3.1.3.tgz"
  integrity sha512-KMReFUr0B4t+D+OBkjR3KYqvocp2XaSzO55UcB6mgQMd3KbcE+mWTyvVV7D/zsdEbNnV6acZUutkiHQXvTr1Rw==
  dependencies:
    normalize-path "^3.0.0"
    picomatch "^2.0.4"

balanced-match@^1.0.0:
  version "1.0.2"
  resolved "https://registry.npmmirror.com/balanced-match/-/balanced-match-1.0.2.tgz"
  integrity sha512-3oSeUO0TMV67hN1AmbXsK4yaqU7tjiHlbxRDZOpH0KW9+CeX4bRAaX0Anxt0tx2MrpRpWwQaPwIlISEJhYU5Pw==

binary-extensions@^2.0.0:
  version "2.3.0"
  resolved "https://registry.npmmirror.com/binary-extensions/-/binary-extensions-2.3.0.tgz"
  integrity sha512-Ceh+7ox5qe7LJuLHoY0feh3pHuUDHAcRUeyL2VYghZwfpkNIy/+8Ocg0a3UuSoYzavmylwuLWQOf3hl0jjMMIw==

brace-expansion@^2.0.1:
  version "2.0.1"
  resolved "https://registry.npmmirror.com/brace-expansion/-/brace-expansion-2.0.1.tgz"
  integrity sha512-XnAIvQ8eM+kC6aULx6wuQiwVsnzsi9d3WxzV3FpWTGA19F621kwdbsAcFKXgKUHZWsy+mY6iL1sHTxWEFCytDA==
  dependencies:
    balanced-match "^1.0.0"

braces@~3.0.2:
  version "3.0.3"
  resolved "https://registry.npmmirror.com/braces/-/braces-3.0.3.tgz"
  integrity sha512-yQbXgO/OSZVD2IsiLlro+7Hf6Q18EJrKSEsdoMzKePKXct3gvD8oLcOQdIzGupr5Fj+EDe8gO/lxc1BzfMpxvA==
  dependencies:
    fill-range "^7.1.1"

"chokidar@>=3.0.0 <4.0.0":
  version "3.6.0"
  resolved "https://registry.npmmirror.com/chokidar/-/chokidar-3.6.0.tgz"
  integrity sha512-7VT13fmjotKpGipCW9JEQAusEPE+Ei8nl6/g4FBAmIm0GOOLMua9NDDo/DWp0ZAxCr3cPq5ZpBqmPAQgDda2Pw==
  dependencies:
    anymatch "~3.1.2"
    braces "~3.0.2"
    glob-parent "~5.1.2"
    is-binary-path "~2.1.0"
    is-glob "~4.0.1"
    normalize-path "~3.0.0"
    readdirp "~3.6.0"
  optionalDependencies:
    fsevents "~2.3.2"

computeds@^0.0.1:
  version "0.0.1"
  resolved "https://registry.npmmirror.com/computeds/-/computeds-0.0.1.tgz"
  integrity sha512-7CEBgcMjVmitjYo5q8JTJVra6X5mQ20uTThdK+0kR7UEaDrAWEQcRiBtWJzga4eRpP6afNwwLsX2SET2JhVB1Q==

csstype@^3.1.3:
  version "3.1.3"
  resolved "https://registry.npmmirror.com/csstype/-/csstype-3.1.3.tgz"
  integrity sha512-M1uQkMl8rQK/szD0LNhtqxIPLpimGm8sOBwU7lLnCpSbTyY3yeU1Vc7l4KT5zT4s/yOxHH5O7tIuuLOCnLADRw==

de-indent@^1.0.2:
  version "1.0.2"
  resolved "https://registry.npmmirror.com/de-indent/-/de-indent-1.0.2.tgz"
  integrity sha512-e/1zu3xH5MQryN2zdVaF0OrdNLUbvWxzMbi+iNA6Bky7l1RoP8a2fIbRocyHclXt/arDrrR6lL3TqFD9pMQTsg==

debug@^4.3.3:
  version "4.3.6"
  dependencies:
    ms "2.1.2"

entities@^4.5.0:
  version "4.5.0"
  resolved "https://registry.npmmirror.com/entities/-/entities-4.5.0.tgz"
  integrity sha512-V0hjH4dGPh9Ao5p0MoRY6BVqtwCjhz6vI5LT8AJ55H+4g9/4vbHx1I54fS0XuclLhDHArPQCiMjDxjaL8fPxhw==

esbuild@^0.21.3:
  version "0.21.5"
  resolved "https://registry.npmjs.org/esbuild/-/esbuild-0.21.5.tgz"
  integrity sha512-mg3OPMV4hXywwpoDxu3Qda5xCKQi+vCTZq8S9J/EpkhB2HzKXq4SNFZE3+NK93JYxc8VMSep+lOUSC/RVKaBqw==
  optionalDependencies:
    "@esbuild/aix-ppc64" "0.21.5"
    "@esbuild/android-arm" "0.21.5"
    "@esbuild/android-arm64" "0.21.5"
    "@esbuild/android-x64" "0.21.5"
    "@esbuild/darwin-arm64" "0.21.5"
    "@esbuild/darwin-x64" "0.21.5"
    "@esbuild/freebsd-arm64" "0.21.5"
    "@esbuild/freebsd-x64" "0.21.5"
    "@esbuild/linux-arm" "0.21.5"
    "@esbuild/linux-arm64" "0.21.5"
    "@esbuild/linux-ia32" "0.21.5"
    "@esbuild/linux-loong64" "0.21.5"
    "@esbuild/linux-mips64el" "0.21.5"
    "@esbuild/linux-ppc64" "0.21.5"
    "@esbuild/linux-riscv64" "0.21.5"
    "@esbuild/linux-s390x" "0.21.5"
    "@esbuild/linux-x64" "0.21.5"
    "@esbuild/netbsd-x64" "0.21.5"
    "@esbuild/openbsd-x64" "0.21.5"
    "@esbuild/sunos-x64" "0.21.5"
    "@esbuild/win32-arm64" "0.21.5"
    "@esbuild/win32-ia32" "0.21.5"
    "@esbuild/win32-x64" "0.21.5"

estree-walker@^2.0.2:
  version "2.0.2"
  resolved "https://registry.npmmirror.com/estree-walker/-/estree-walker-2.0.2.tgz"
  integrity sha512-Rfkk/Mp/DL7JVje3u18FxFujQlTNR2q6QfMSMB7AvCBx91NGj/ba3kCfza0f6dVDbw7YlRf/nDrn7pQrCCyQ/w==

fflate@^0.4.8:
  version "0.4.8"
  resolved "https://registry.npmjs.org/fflate/-/fflate-0.4.8.tgz"
  integrity sha512-FJqqoDBR00Mdj9ppamLa/Y7vxm+PRmNWA67N846RvsoYVMKB4q3y/de5PA7gUmRMYK/8CMz2GDZQmCRN1wBcWA==

fill-range@^7.1.1:
  version "7.1.1"
  resolved "https://registry.npmmirror.com/fill-range/-/fill-range-7.1.1.tgz"
  integrity sha512-YsGpe3WHLK8ZYi4tWDg2Jy3ebRz2rXowDxnld4bkQB00cc/1Zw9AWnC0i9ztDJitivtQvaI9KaLyKrc+hBW0yg==
  dependencies:
    to-regex-range "^5.0.1"

fsevents@~2.3.2, fsevents@~2.3.3:
  version "2.3.3"
  resolved "https://registry.npmmirror.com/fsevents/-/fsevents-2.3.3.tgz"
  integrity sha512-5xoDfX+fL7faATnagmWPpbFtwh/R77WmMMqqHGS65C3vvB0YHrgF+B1YmZ3441tMj5n63k0212XNoJwzlhffQw==

glob-parent@~5.1.2:
  version "5.1.2"
  resolved "https://registry.npmmirror.com/glob-parent/-/glob-parent-5.1.2.tgz"
  integrity sha512-AOIgSQCepiJYwP3ARnGx+5VnTu2HBYdzbGP45eLw1vr3zB3vZLeyed1sC9hnbcOc9/SrMyM5RPQrkGz4aS9Zow==
  dependencies:
    is-glob "^4.0.1"

he@^1.2.0:
  version "1.2.0"
  resolved "https://registry.npmmirror.com/he/-/he-1.2.0.tgz"
  integrity sha512-F/1DnUGPopORZi0ni+CvrCgHQ5FyEAHRLSApuYWMmrbSwoN2Mn/7k+Gl38gJnR7yyDZk6WLXwiGod1JOWNDKGw==

immutable@^4.0.0:
  version "4.3.7"

is-binary-path@~2.1.0:
  version "2.1.0"
  resolved "https://registry.npmmirror.com/is-binary-path/-/is-binary-path-2.1.0.tgz"
  integrity sha512-ZMERYes6pDydyuGidse7OsHxtbI7WVeUEozgR/g7rd0xUimYNlvZRE/K2MgZTjWy725IfelLeVcEM97mmtRGXw==
  dependencies:
    binary-extensions "^2.0.0"

is-extglob@^2.1.1:
  version "2.1.1"
  resolved "https://registry.npmmirror.com/is-extglob/-/is-extglob-2.1.1.tgz"
  integrity sha512-SbKbANkN603Vi4jEZv49LeVJMn4yGwsbzZworEoyEiutsN3nJYdbO36zfhGJ6QEDpOZIFkDtnq5JRxmvl3jsoQ==

is-glob@^4.0.1, is-glob@~4.0.1:
  version "4.0.3"
  resolved "https://registry.npmmirror.com/is-glob/-/is-glob-4.0.3.tgz"
  integrity sha512-xelSayHH36ZgE7ZWhli7pW34hNbNl8Ojv5KVmkJD4hBdD3th8Tfk9vYasLM+mXWOZhFkgZfxhLSnrwRr4elSSg==
  dependencies:
    is-extglob "^2.1.1"

is-number@^7.0.0:
  version "7.0.0"
  resolved "https://registry.npmmirror.com/is-number/-/is-number-7.0.0.tgz"
  integrity sha512-41Cifkg6e8TylSpdtTpeLVMqvSBEVzTttHvERD741+pnZ8ANv0004MRL43QKPDlK9cGvNp6NZWZUBlbGXYxxng==

luxon@^3.5.0:
  version "3.5.0"
  resolved "https://registry.npmjs.org/luxon/-/luxon-3.5.0.tgz"
  integrity sha512-rh+Zjr6DNfUYR3bPwJEnuwDdqMbxZW7LOQfUN4B54+Cl+0o5zaU9RJ6bcidfDtC1cWCZXQ+nvX8bf6bAji37QQ==

magic-string@^0.30.10:
  version "0.30.10"
  resolved "https://registry.npmmirror.com/magic-string/-/magic-string-0.30.10.tgz"
  integrity sha512-iIRwTIf0QKV3UAnYK4PU8uiEc4SRh5jX0mwpIwETPpHdhVM4f53RSwS/vXvN1JhGX+Cs7B8qIq3d6AH49O5fAQ==
  dependencies:
    "@jridgewell/sourcemap-codec" "^1.4.15"

minimatch@^9.0.3:
  version "9.0.5"
  dependencies:
    brace-expansion "^2.0.1"

ms@2.1.2:
  version "2.1.2"
  resolved "https://registry.npmmirror.com/ms/-/ms-2.1.2.tgz"
  integrity sha512-sGkPx+VjMtmA6MX27oA4FBFELFCZZ4S4XqeGOXCv68tT+jb3vk/RyaKWP0PTKyWtmLSM0b+adUTEvbs1PEaH2w==

muggle-string@^0.4.1:
  version "0.4.1"
  resolved "https://registry.npmjs.org/muggle-string/-/muggle-string-0.4.1.tgz"
  integrity sha512-VNTrAak/KhO2i8dqqnqnAHOa3cYBwXEZe9h+D5h/1ZqFSTEFHdM65lR7RoIqq3tBBYavsOXV84NoHXZ0AkPyqQ==

nanoid@^3.3.7:
  version "3.3.7"
  resolved "https://registry.npmmirror.com/nanoid/-/nanoid-3.3.7.tgz"
  integrity sha512-eSRppjcPIatRIMC1U6UngP8XFcz8MQWGQdt1MTBQ7NaAmvXDfvNxbvWV3x2y6CdEUciCSsDHDQZbhYaB8QEo2g==

normalize-path@^3.0.0, normalize-path@~3.0.0:
  version "3.0.0"
  resolved "https://registry.npmmirror.com/normalize-path/-/normalize-path-3.0.0.tgz"
  integrity sha512-6eZs5Ls3WtCisHWp9S2GUy8dqkpGi4BVSz3GaqiE6ezub0512ESztXUwUB6C6IKbQkY2Pnb/mD4WYojCRwcwLA==

path-browserify@^1.0.1:
  version "1.0.1"
  resolved "https://registry.npmmirror.com/path-browserify/-/path-browserify-1.0.1.tgz"
  integrity sha512-b7uo2UCUOYZcnF/3ID0lulOJi/bafxa1xPe7ZPsammBSpjSWQkjNxlt635YGS2MiR9GjvuXCtz2emr3jbsz98g==

picocolors@^1.0.1:
  version "1.0.1"

picomatch@^2.0.4, picomatch@^2.2.1:
  version "2.3.1"
  resolved "https://registry.npmmirror.com/picomatch/-/picomatch-2.3.1.tgz"
  integrity sha512-JU3teHTNjmE2VCGFzuY8EXzCDVwEqB2a8fsIvwaStHhAWJEeVd1o1QD80CU6+ZdEXXSLbSsuLwJjkCBWqRQUVA==

postcss@^8.4.39:
  version "8.4.40"
  dependencies:
    nanoid "^3.3.7"
    picocolors "^1.0.1"
    source-map-js "^1.2.0"

posthog-js@^1.155.4:
  version "1.155.4"
  resolved "https://registry.npmjs.org/posthog-js/-/posthog-js-1.155.4.tgz"
  integrity sha512-suxwAsmZGqMDXJe/RaCKI3PaDEHiuMDDhKcJklgGAg7eDnywieRkr5CoPcOOvnqTDMnuOPETr98jpYBXKUwGFQ==
  dependencies:
    fflate "^0.4.8"
    preact "^10.19.3"
    web-vitals "^4.0.1"

preact@^10.19.3:
  version "10.23.2"
  resolved "https://registry.npmjs.org/preact/-/preact-10.23.2.tgz"
  integrity sha512-kKYfePf9rzKnxOAKDpsWhg/ysrHPqT+yQ7UW4JjdnqjFIeNUnNcEJvhuA8fDenxAGWzUqtd51DfVg7xp/8T9NA==

prettier@3.3.2:
  version "3.3.2"
  resolved "https://registry.npmmirror.com/prettier/-/prettier-3.3.2.tgz"
  integrity sha512-rAVeHYMcv8ATV5d508CFdn+8/pHPpXeIid1DdrPwXnaAdH7cqjVbpJaT5eq4yRAFU/lsbwYwSF/n5iNrdJHPQA==

readdirp@~3.6.0:
  version "3.6.0"
  resolved "https://registry.npmmirror.com/readdirp/-/readdirp-3.6.0.tgz"
  integrity sha512-hOS089on8RduqdbhvQ5Z37A0ESjsqz6qnRcffsMU3495FuTdqSm+7bhJ29JvIOsBDEEnan5DPu9t3To9VRlMzA==
  dependencies:
    picomatch "^2.2.1"

rollup@^4.13.0:
  version "4.19.1"
  dependencies:
    "@types/estree" "1.0.5"
  optionalDependencies:
    "@rollup/rollup-android-arm-eabi" "4.19.1"
    "@rollup/rollup-android-arm64" "4.19.1"
    "@rollup/rollup-darwin-arm64" "4.19.1"
    "@rollup/rollup-darwin-x64" "4.19.1"
    "@rollup/rollup-linux-arm-gnueabihf" "4.19.1"
    "@rollup/rollup-linux-arm-musleabihf" "4.19.1"
    "@rollup/rollup-linux-arm64-gnu" "4.19.1"
    "@rollup/rollup-linux-arm64-musl" "4.19.1"
    "@rollup/rollup-linux-powerpc64le-gnu" "4.19.1"
    "@rollup/rollup-linux-riscv64-gnu" "4.19.1"
    "@rollup/rollup-linux-s390x-gnu" "4.19.1"
    "@rollup/rollup-linux-x64-gnu" "4.19.1"
    "@rollup/rollup-linux-x64-musl" "4.19.1"
    "@rollup/rollup-win32-arm64-msvc" "4.19.1"
    "@rollup/rollup-win32-ia32-msvc" "4.19.1"
    "@rollup/rollup-win32-x64-msvc" "4.19.1"
    fsevents "~2.3.2"

sass@*, sass@^1.77.6:
  version "1.77.8"
  dependencies:
    chokidar ">=3.0.0 <4.0.0"
    immutable "^4.0.0"
    source-map-js ">=0.6.2 <2.0.0"

semver@^7.5.4:
  version "7.6.3"

source-map-js@^1.0.2, source-map-js@^1.2.0, "source-map-js@>=0.6.2 <2.0.0":
  version "1.2.0"
  resolved "https://registry.npmmirror.com/source-map-js/-/source-map-js-1.2.0.tgz"
  integrity sha512-itJW8lvSA0TXEphiRoawsCksnlf8SyvmFzIhltqAHluXd88pkCd+cXJVHTDwdCr0IzwptSm035IHQktUu1QUMg==

to-regex-range@^5.0.1:
  version "5.0.1"
  resolved "https://registry.npmmirror.com/to-regex-range/-/to-regex-range-5.0.1.tgz"
  integrity sha512-65P7iz6X5yEr1cwcgvQxbbIw7Uk3gOy5dIdtZ4rDveLqhrdJP+Li/Hx6tyK0NEb+2GCyneCMJiGqrADCSNk8sQ==
  dependencies:
    is-number "^7.0.0"

typescript@*, typescript@^5.5.3, typescript@>=4.7, typescript@>=5.0.0:
  version "5.5.4"

upath@^2.0.1:
  version "2.0.1"
  resolved "https://registry.npmmirror.com/upath/-/upath-2.0.1.tgz"
  integrity sha512-1uEe95xksV1O0CYKXo8vQvN1JEbtJp7lb7C5U9HMsIp6IVwntkH/oNUzyVNQSd4S1sYk2FpSSW44FqMc8qee5w==

vite-plugin-vuetify@^2.0.3, vite-plugin-vuetify@>=1.0.0:
  version "2.0.3"
  resolved "https://registry.npmmirror.com/vite-plugin-vuetify/-/vite-plugin-vuetify-2.0.3.tgz"
  integrity sha512-HbYajgGgb/noaVKNRhnnXIiQZrNXfNIeanUGAwXgOxL6h/KULS40Uf51Kyz8hNmdegF+DwjgXXI/8J1PNS83xw==
  dependencies:
    "@vuetify/loader-shared" "^2.0.3"
    debug "^4.3.3"
    upath "^2.0.1"

vite@^5.0.0, vite@^5.3.3, vite@>=5:
  version "5.3.5"
  dependencies:
    esbuild "^0.21.3"
    postcss "^8.4.39"
    rollup "^4.13.0"
  optionalDependencies:
    fsevents "~2.3.3"

vscode-uri@^3.0.8:
  version "3.0.8"
  resolved "https://registry.npmmirror.com/vscode-uri/-/vscode-uri-3.0.8.tgz"
  integrity sha512-AyFQ0EVmsOZOlAnxoFOGOq1SQDWAB7C6aqMGS23svWAllfOaxbuFvcT8D1i8z3Gyn8fraVeZNNmN6e9bxxXkKw==

vue-i18n@^9.0.0, vue-i18n@9:
  version "9.13.1"
  resolved "https://registry.npmmirror.com/vue-i18n/-/vue-i18n-9.13.1.tgz"
  integrity sha512-mh0GIxx0wPtPlcB1q4k277y0iKgo25xmDPWioVVYanjPufDBpvu5ySTjP5wOrSvlYQ2m1xI+CFhGdauv/61uQg==
  dependencies:
    "@intlify/core-base" "9.13.1"
    "@intlify/shared" "9.13.1"
    "@vue/devtools-api" "^6.5.0"

vue-router@^4.4.0:
  version "4.4.0"
  resolved "https://registry.npmmirror.com/vue-router/-/vue-router-4.4.0.tgz"
  integrity sha512-HB+t2p611aIZraV2aPSRNXf0Z/oLZFrlygJm+sZbdJaW6lcFqEDQwnzUBXn+DApw+/QzDU/I9TeWx9izEjTmsA==
  dependencies:
    "@vue/devtools-api" "^6.5.1"

vue-tsc@^2.0.24:
  version "2.0.29"
  dependencies:
    "@volar/typescript" "~2.4.0-alpha.18"
    "@vue/language-core" "2.0.29"
    semver "^7.5.4"

vue@^3.0.0, vue@^3.2.0, vue@^3.2.25, vue@^3.3.0, vue@^3.4.27, vue@3.4.34:
  version "3.4.34"
  dependencies:
    "@vue/compiler-dom" "3.4.34"
    "@vue/compiler-sfc" "3.4.34"
    "@vue/runtime-dom" "3.4.34"
    "@vue/server-renderer" "3.4.34"
    "@vue/shared" "3.4.34"

vuetify@^3.0.0, vuetify@^3.6.11:
  version "3.6.13"

web-vitals@^4.0.1:
  version "4.2.3"
  resolved "https://registry.npmjs.org/web-vitals/-/web-vitals-4.2.3.tgz"
  integrity sha512-/CFAm1mNxSmOj6i0Co+iGFJ58OS4NRGVP+AWS/l509uIK5a1bSoIVaHz/ZumpHTfHSZBpgrJ+wjfpAOrTHok5Q==
